
Microsoft Visual Studio Solution File, Format Version 12.00
# Visual Studio Version 17
VisualStudioVersion = 17.14.36414.22
MinimumVisualStudioVersion = 10.0.40219.1
Project("{FAE04EC0-301F-11D3-BF4B-00C04F79EFBC}") = "WiraSystemOpenWeather", "WiraSystemOpenWeather\WiraSystemOpenWeather.csproj", "{056538AF-9460-46E0-90EE-A6CCA9B11A18}"
EndProject
Project("{FAE04EC0-301F-11D3-BF4B-00C04F79EFBC}") = "Models", "Models\Models.csproj", "{667401B5-0492-4AF8-A347-55BEED94D218}"
EndProject
Project("{FAE04EC0-301F-11D3-BF4B-00C04F79EFBC}") = "Services", "Services\Services.csproj", "{8FC0128E-EE2C-425B-A3D3-07501A18F4E2}"
EndProject
Project("{FAE04EC0-301F-11D3-BF4B-00C04F79EFBC}") = "Web", "Web\Web.csproj", "{64145C5B-339D-4D2F-ACE4-C408E0CE2103}"
EndProject
Project("{FAE04EC0-301F-11D3-BF4B-00C04F79EFBC}") = "WiraWeatherTest", "WiraWeatherTest\WiraWeatherTest.csproj", "{9EDA8954-89E6-4B21-918B-CEF1C2A98DD6}"
EndProject
Global
	GlobalSection(SolutionConfigurationPlatforms) = preSolution
		Debug|Any CPU = Debug|Any CPU
		Release|Any CPU = Release|Any CPU
	EndGlobalSection
	GlobalSection(ProjectConfigurationPlatforms) = postSolution
		{056538AF-9460-46E0-90EE-A6CCA9B11A18}.Debug|Any CPU.ActiveCfg = Debug|Any CPU
		{056538AF-9460-46E0-90EE-A6CCA9B11A18}.Debug|Any CPU.Build.0 = Debug|Any CPU
		{056538AF-9460-46E0-90EE-A6CCA9B11A18}.Release|Any CPU.ActiveCfg = Release|Any CPU
		{056538AF-9460-46E0-90EE-A6CCA9B11A18}.Release|Any CPU.Build.0 = Release|Any CPU
		{667401B5-0492-4AF8-A347-55BEED94D218}.Debug|Any CPU.ActiveCfg = Debug|Any CPU
		{667401B5-0492-4AF8-A347-55BEED94D218}.Debug|Any CPU.Build.0 = Debug|Any CPU
		{667401B5-0492-4AF8-A347-55BEED94D218}.Release|Any CPU.ActiveCfg = Release|Any CPU
		{667401B5-0492-4AF8-A347-55BEED94D218}.Release|Any CPU.Build.0 = Release|Any CPU
		{8FC0128E-EE2C-425B-A3D3-07501A18F4E2}.Debug|Any CPU.ActiveCfg = Debug|Any CPU
		{8FC0128E-EE2C-425B-A3D3-07501A18F4E2}.Debug|Any CPU.Build.0 = Debug|Any CPU
		{8FC0128E-EE2C-425B-A3D3-07501A18F4E2}.Release|Any CPU.ActiveCfg = Release|Any CPU
		{8FC0128E-EE2C-425B-A3D3-07501A18F4E2}.Release|Any CPU.Build.0 = Release|Any CPU
		{64145C5B-339D-4D2F-ACE4-C408E0CE2103}.Debug|Any CPU.ActiveCfg = Debug|Any CPU
		{64145C5B-339D-4D2F-ACE4-C408E0CE2103}.Debug|Any CPU.Build.0 = Debug|Any CPU
		{64145C5B-339D-4D2F-ACE4-C408E0CE2103}.Release|Any CPU.ActiveCfg = Release|Any CPU
		{64145C5B-339D-4D2F-ACE4-C408E0CE2103}.Release|Any CPU.Build.0 = Release|Any CPU
		{9EDA8954-89E6-4B21-918B-CEF1C2A98DD6}.Debug|Any CPU.ActiveCfg = Debug|Any CPU
		{9EDA8954-89E6-4B21-918B-CEF1C2A98DD6}.Debug|Any CPU.Build.0 = Debug|Any CPU
		{9EDA8954-89E6-4B21-918B-CEF1C2A98DD6}.Release|Any CPU.ActiveCfg = Release|Any CPU
		{9EDA8954-89E6-4B21-918B-CEF1C2A98DD6}.Release|Any CPU.Build.0 = Release|Any CPU
	EndGlobalSection
	GlobalSection(SolutionProperties) = preSolution
		HideSolutionNode = FALSE
	EndGlobalSection
	GlobalSection(ExtensibilityGlobals) = postSolution
		SolutionGuid = {EA4EDCC2-9C86-4554-9547-BAB08C2235BF}
	EndGlobalSection
EndGlobal
